
Microsoft Visual Studio Solution File, Format Version 12.00
# Visual Studio Version 16
VisualStudioVersion = 16.0.30011.22
MinimumVisualStudioVersion = 10.0.40219.1
Project("{FAE04EC0-301F-11D3-BF4B-00C04F79EFBC}") = "CCWeb", "CCWeb\CCWeb.csproj", "{F27966BD-2F8D-4375-AC89-13B1FA9EB1CD}"
EndProject
Global
	GlobalSection(SolutionConfigurationPlatforms) = preSolution
		Debug|Any CPU = Debug|Any CPU
		Release|Any CPU = Release|Any CPU
	EndGlobalSection
	GlobalSection(ProjectConfigurationPlatforms) = postSolution
		{F27966BD-2F8D-4375-AC89-13B1FA9EB1CD}.Debug|Any CPU.ActiveCfg = Debug|Any CPU
		{F27966BD-2F8D-4375-AC89-13B1FA9EB1CD}.Debug|Any CPU.Build.0 = Debug|Any CPU
		{F27966BD-2F8D-4375-AC89-13B1FA9EB1CD}.Release|Any CPU.ActiveCfg = Release|Any CPU
		{F27966BD-2F8D-4375-AC89-13B1FA9EB1CD}.Release|Any CPU.Build.0 = Release|Any CPU
	EndGlobalSection
	GlobalSection(SolutionProperties) = preSolution
		HideSolutionNode = FALSE
	EndGlobalSection
	GlobalSection(ExtensibilityGlobals) = postSolution
		SolutionGuid = {65303CAF-DB45-46CD-8DE1-10883BEDB7F3}
	EndGlobalSection
EndGlobal
